{
  "requires": true,
  "lockfileVersion": 1,
  "dependencies": {
    "foreach-object": {
      "version": "1.0.3",
      "resolved": "https://registry.npmjs.org/foreach-object/-/foreach-object-1.0.3.tgz",
      "integrity": "sha512-deQx3Gzpqib2SqPtQYq6s6UXB3FHRHAkcNfJfNFRu8WBmlF+rgW1uSvVzlU8reFnTtyGSJLplRBP2d7w6C2atA=="
    }
  }
}
